// !$*UTF8*$!
{
	archiveVersion = 1;
	classes = {
	};
	objectVersion = 50;
	objects = {

/* Begin PBXBuildFile section */
		842FB06C20F340D300D9D06A /* GoogleService-Info.plist in Resources */ = {isa = PBXBuildFile; fileRef = 842FB06B20F340D300D9D06A /* GoogleService-Info.plist */; };
		849E53D220F33BF000A49125 /* AppDelegate.swift in Sources */ = {isa = PBXBuildFile; fileRef = 849E53D120F33BF000A49125 /* AppDelegate.swift */; };
		849E53D420F33BF000A49125 /* ViewController.swift in Sources */ = {isa = PBXBuildFile; fileRef = 849E53D320F33BF000A49125 /* ViewController.swift */; };
		849E53D720F33BF000A49125 /* Main.storyboard in Resources */ = {isa = PBXBuildFile; fileRef = 849E53D520F33BF000A49125 /* Main.storyboard */; };
		849E53D920F33BF100A49125 /* Assets.xcassets in Resources */ = {isa = PBXBuildFile; fileRef = 849E53D820F33BF100A49125 /* Assets.xcassets */; };
		849E53DC20F33BF100A49125 /* LaunchScreen.storyboard in Resources */ = {isa = PBXBuildFile; fileRef = 849E53DA20F33BF100A49125 /* LaunchScreen.storyboard */; };
		84B3EBAA20F3C1D2002B71E5 /* LoginViewController.swift in Sources */ = {isa = PBXBuildFile; fileRef = 84B3EBA920F3C1D2002B71E5 /* LoginViewController.swift */; };
		84B3EBAC20F3CB31002B71E5 /* User.swift in Sources */ = {isa = PBXBuildFile; fileRef = 84B3EBAB20F3CB31002B71E5 /* User.swift */; };
		84B3EBB820F3F805002B71E5 /* CreateUsernameViewController.swift in Sources */ = {isa = PBXBuildFile; fileRef = 84B3EBB720F3F805002B71E5 /* CreateUsernameViewController.swift */; };
		84B3EBBC20F3FBB8002B71E5 /* Login.storyboard in Resources */ = {isa = PBXBuildFile; fileRef = 84B3EBBB20F3FBB8002B71E5 /* Login.storyboard */; };
		84B3EBBE20F4015F002B71E5 /* UserService.swift in Sources */ = {isa = PBXBuildFile; fileRef = 84B3EBBD20F4015F002B71E5 /* UserService.swift */; };
		BC4EFC0FE085654B7A405DB8 /* Pods_Makestagram.framework in Frameworks */ = {isa = PBXBuildFile; fileRef = 266BAC1020C22389BB2CFAB0 /* Pods_Makestagram.framework */; };
/* End PBXBuildFile section */

/* Begin PBXFileReference section */
		266BAC1020C22389BB2CFAB0 /* Pods_Makestagram.framework */ = {isa = PBXFileReference; explicitFileType = wrapper.framework; includeInIndex = 0; path = Pods_Makestagram.framework; sourceTree = BUILT_PRODUCTS_DIR; };
		35776F466E1546F1B5A838C9 /* Pods-Makestagram.release.xcconfig */ = {isa = PBXFileReference; includeInIndex = 1; lastKnownFileType = text.xcconfig; name = "Pods-Makestagram.release.xcconfig"; path = "Pods/Target Support Files/Pods-Makestagram/Pods-Makestagram.release.xcconfig"; sourceTree = "<group>"; };
		842FB06B20F340D300D9D06A /* GoogleService-Info.plist */ = {isa = PBXFileReference; fileEncoding = 4; lastKnownFileType = text.plist.xml; name = "GoogleService-Info.plist"; path = "Makestagram/Supporting/GoogleService-Info.plist"; sourceTree = SOURCE_ROOT; };
		849E53CE20F33BF000A49125 /* Makestagram.app */ = {isa = PBXFileReference; explicitFileType = wrapper.application; includeInIndex = 0; path = Makestagram.app; sourceTree = BUILT_PRODUCTS_DIR; };
		849E53D120F33BF000A49125 /* AppDelegate.swift */ = {isa = PBXFileReference; lastKnownFileType = sourcecode.swift; path = AppDelegate.swift; sourceTree = "<group>"; };
		849E53D320F33BF000A49125 /* ViewController.swift */ = {isa = PBXFileReference; lastKnownFileType = sourcecode.swift; path = ViewController.swift; sourceTree = "<group>"; };
		849E53D620F33BF000A49125 /* Base */ = {isa = PBXFileReference; lastKnownFileType = file.storyboard; name = Base; path = Base.lproj/Main.storyboard; sourceTree = "<group>"; };
		849E53D820F33BF100A49125 /* Assets.xcassets */ = {isa = PBXFileReference; lastKnownFileType = folder.assetcatalog; path = Assets.xcassets; sourceTree = "<group>"; };
		849E53DB20F33BF100A49125 /* Base */ = {isa = PBXFileReference; lastKnownFileType = file.storyboard; name = Base; path = Base.lproj/LaunchScreen.storyboard; sourceTree = "<group>"; };
		849E53DD20F33BF100A49125 /* Info.plist */ = {isa = PBXFileReference; lastKnownFileType = text.plist.xml; path = Info.plist; sourceTree = "<group>"; };
		84B3EBA920F3C1D2002B71E5 /* LoginViewController.swift */ = {isa = PBXFileReference; fileEncoding = 4; lastKnownFileType = sourcecode.swift; path = LoginViewController.swift; sourceTree = "<group>"; };
		84B3EBAB20F3CB31002B71E5 /* User.swift */ = {isa = PBXFileReference; lastKnownFileType = sourcecode.swift; path = User.swift; sourceTree = "<group>"; };
		84B3EBB720F3F805002B71E5 /* CreateUsernameViewController.swift */ = {isa = PBXFileReference; lastKnownFileType = sourcecode.swift; path = CreateUsernameViewController.swift; sourceTree = "<group>"; };
		84B3EBBB20F3FBB8002B71E5 /* Login.storyboard */ = {isa = PBXFileReference; fileEncoding = 4; lastKnownFileType = file.storyboard; path = Login.storyboard; sourceTree = "<group>"; };
		84B3EBBD20F4015F002B71E5 /* UserService.swift */ = {isa = PBXFileReference; lastKnownFileType = sourcecode.swift; path = UserService.swift; sourceTree = "<group>"; };
		BF12148721027384AEDE6506 /* Pods-Makestagram.debug.xcconfig */ = {isa = PBXFileReference; includeInIndex = 1; lastKnownFileType = text.xcconfig; name = "Pods-Makestagram.debug.xcconfig"; path = "Pods/Target Support Files/Pods-Makestagram/Pods-Makestagram.debug.xcconfig"; sourceTree = "<group>"; };
/* End PBXFileReference section */

/* Begin PBXFrameworksBuildPhase section */
		849E53CB20F33BF000A49125 /* Frameworks */ = {
			isa = PBXFrameworksBuildPhase;
			buildActionMask = 2147483647;
			files = (
				BC4EFC0FE085654B7A405DB8 /* Pods_Makestagram.framework in Frameworks */,
			);
			runOnlyForDeploymentPostprocessing = 0;
		};
/* End PBXFrameworksBuildPhase section */

/* Begin PBXGroup section */
		7F1290F7956D9040834957AB /* Pods */ = {
			isa = PBXGroup;
			children = (
				BF12148721027384AEDE6506 /* Pods-Makestagram.debug.xcconfig */,
				35776F466E1546F1B5A838C9 /* Pods-Makestagram.release.xcconfig */,
			);
			name = Pods;
			sourceTree = "<group>";
		};
		842FB06D20F3425D00D9D06A /* Controllers */ = {
			isa = PBXGroup;
			children = (
				849E53D320F33BF000A49125 /* ViewController.swift */,
				84B3EBA920F3C1D2002B71E5 /* LoginViewController.swift */,
				84B3EBB720F3F805002B71E5 /* CreateUsernameViewController.swift */,
			);
			path = Controllers;
			sourceTree = "<group>";
		};
		842FB06E20F3427E00D9D06A /* Extensions */ = {
			isa = PBXGroup;
			children = (
			);
			path = Extensions;
			sourceTree = "<group>";
		};
		842FB06F20F3428A00D9D06A /* Models */ = {
			isa = PBXGroup;
			children = (
				84B3EBAB20F3CB31002B71E5 /* User.swift */,
			);
			path = Models;
			sourceTree = "<group>";
		};
		842FB07020F3428F00D9D06A /* Helpers */ = {
			isa = PBXGroup;
			children = (
			);
			path = Helpers;
			sourceTree = "<group>";
		};
		842FB07120F3429800D9D06A /* Services */ = {
			isa = PBXGroup;
			children = (
				84B3EBBD20F4015F002B71E5 /* UserService.swift */,
			);
			path = Services;
			sourceTree = "<group>";
		};
		842FB07220F342A100D9D06A /* Storyboards */ = {
			isa = PBXGroup;
			children = (
				849E53D520F33BF000A49125 /* Main.storyboard */,
				849E53DA20F33BF100A49125 /* LaunchScreen.storyboard */,
				84B3EBBB20F3FBB8002B71E5 /* Login.storyboard */,
			);
			path = Storyboards;
			sourceTree = "<group>";
		};
		842FB07320F342AA00D9D06A /* Supporting */ = {
			isa = PBXGroup;
			children = (
				842FB06B20F340D300D9D06A /* GoogleService-Info.plist */,
				849E53DD20F33BF100A49125 /* Info.plist */,
			);
			path = Supporting;
			sourceTree = "<group>";
		};
		842FB07420F342B500D9D06A /* Views */ = {
			isa = PBXGroup;
			children = (
			);
			path = Views;
			sourceTree = "<group>";
		};
		849E53C520F33BF000A49125 = {
			isa = PBXGroup;
			children = (
				849E53D020F33BF000A49125 /* Makestagram */,
				849E53CF20F33BF000A49125 /* Products */,
				7F1290F7956D9040834957AB /* Pods */,
				D69FB775B18DF179041D3E30 /* Frameworks */,
			);
			sourceTree = "<group>";
		};
		849E53CF20F33BF000A49125 /* Products */ = {
			isa = PBXGroup;
			children = (
				849E53CE20F33BF000A49125 /* Makestagram.app */,
			);
			name = Products;
			sourceTree = "<group>";
		};
		849E53D020F33BF000A49125 /* Makestagram */ = {
			isa = PBXGroup;
			children = (
				842FB07420F342B500D9D06A /* Views */,
				842FB07320F342AA00D9D06A /* Supporting */,
				842FB07220F342A100D9D06A /* Storyboards */,
				842FB07120F3429800D9D06A /* Services */,
				842FB07020F3428F00D9D06A /* Helpers */,
				842FB06F20F3428A00D9D06A /* Models */,
				842FB06D20F3425D00D9D06A /* Controllers */,
				849E53D120F33BF000A49125 /* AppDelegate.swift */,
				842FB06E20F3427E00D9D06A /* Extensions */,
				849E53D820F33BF100A49125 /* Assets.xcassets */,
			);
			path = Makestagram;
			sourceTree = "<group>";
		};
		D69FB775B18DF179041D3E30 /* Frameworks */ = {
			isa = PBXGroup;
			children = (
				266BAC1020C22389BB2CFAB0 /* Pods_Makestagram.framework */,
			);
			name = Frameworks;
			sourceTree = "<group>";
		};
/* End PBXGroup section */

/* Begin PBXNativeTarget section */
		849E53CD20F33BF000A49125 /* Makestagram */ = {
			isa = PBXNativeTarget;
			buildConfigurationList = 849E53E020F33BF100A49125 /* Build configuration list for PBXNativeTarget "Makestagram" */;
			buildPhases = (
				C916CC76B0FD829209A6FD19 /* [CP] Check Pods Manifest.lock */,
				849E53CA20F33BF000A49125 /* Sources */,
				849E53CB20F33BF000A49125 /* Frameworks */,
				849E53CC20F33BF000A49125 /* Resources */,
				2C8FC1CC6C35DA98CACBD595 /* [CP] Embed Pods Frameworks */,
				A641FECBF551587329BC0331 /* [CP] Copy Pods Resources */,
			);
			buildRules = (
			);
			dependencies = (
			);
			name = Makestagram;
			productName = Makestagram;
			productReference = 849E53CE20F33BF000A49125 /* Makestagram.app */;
			productType = "com.apple.product-type.application";
		};
/* End PBXNativeTarget section */

/* Begin PBXProject section */
		849E53C620F33BF000A49125 /* Project object */ = {
			isa = PBXProject;
			attributes = {
				LastSwiftUpdateCheck = 0940;
				LastUpgradeCheck = 0940;
				ORGANIZATIONNAME = "Ben Botvinick";
				TargetAttributes = {
					849E53CD20F33BF000A49125 = {
						CreatedOnToolsVersion = 9.4.1;
					};
				};
			};
			buildConfigurationList = 849E53C920F33BF000A49125 /* Build configuration list for PBXProject "Makestagram" */;
			compatibilityVersion = "Xcode 9.3";
			developmentRegion = en;
			hasScannedForEncodings = 0;
			knownRegions = (
				en,
				Base,
			);
			mainGroup = 849E53C520F33BF000A49125;
			productRefGroup = 849E53CF20F33BF000A49125 /* Products */;
			projectDirPath = "";
			projectRoot = "";
			targets = (
				849E53CD20F33BF000A49125 /* Makestagram */,
			);
		};
/* End PBXProject section */

/* Begin PBXResourcesBuildPhase section */
		849E53CC20F33BF000A49125 /* Resources */ = {
			isa = PBXResourcesBuildPhase;
			buildActionMask = 2147483647;
			files = (
				849E53DC20F33BF100A49125 /* LaunchScreen.storyboard in Resources */,
				842FB06C20F340D300D9D06A /* GoogleService-Info.plist in Resources */,
				84B3EBBC20F3FBB8002B71E5 /* Login.storyboard in Resources */,
				849E53D920F33BF100A49125 /* Assets.xcassets in Resources */,
				849E53D720F33BF000A49125 /* Main.storyboard in Resources */,
			);
			runOnlyForDeploymentPostprocessing = 0;
		};
/* End PBXResourcesBuildPhase section */

/* Begin PBXShellScriptBuildPhase section */
		2C8FC1CC6C35DA98CACBD595 /* [CP] Embed Pods Frameworks */ = {
			isa = PBXShellScriptBuildPhase;
			buildActionMask = 2147483647;
			files = (
			);
			inputPaths = (
				"${SRCROOT}/Pods/Target Support Files/Pods-Makestagram/Pods-Makestagram-frameworks.sh",
				"${BUILT_PRODUCTS_DIR}/GTMSessionFetcher/GTMSessionFetcher.framework",
				"${BUILT_PRODUCTS_DIR}/GoogleToolboxForMac/GoogleToolboxForMac.framework",
				"${BUILT_PRODUCTS_DIR}/leveldb-library/leveldb.framework",
				"${BUILT_PRODUCTS_DIR}/nanopb/nanopb.framework",
			);
			name = "[CP] Embed Pods Frameworks";
			outputPaths = (
				"${TARGET_BUILD_DIR}/${FRAMEWORKS_FOLDER_PATH}/GTMSessionFetcher.framework",
				"${TARGET_BUILD_DIR}/${FRAMEWORKS_FOLDER_PATH}/GoogleToolboxForMac.framework",
				"${TARGET_BUILD_DIR}/${FRAMEWORKS_FOLDER_PATH}/leveldb.framework",
				"${TARGET_BUILD_DIR}/${FRAMEWORKS_FOLDER_PATH}/nanopb.framework",
			);
			runOnlyForDeploymentPostprocessing = 0;
			shellPath = /bin/sh;
			shellScript = "\"${SRCROOT}/Pods/Target Support Files/Pods-Makestagram/Pods-Makestagram-frameworks.sh\"\n";
			showEnvVarsInLog = 0;
		};
		A641FECBF551587329BC0331 /* [CP] Copy Pods Resources */ = {
			isa = PBXShellScriptBuildPhase;
			buildActionMask = 2147483647;
			files = (
			);
			inputPaths = (
				"${SRCROOT}/Pods/Target Support Files/Pods-Makestagram/Pods-Makestagram-resources.sh",
				"${PODS_CONFIGURATION_BUILD_DIR}/FirebaseUI/FirebaseAuthUI.bundle",
			);
			name = "[CP] Copy Pods Resources";
			outputPaths = (
				"${TARGET_BUILD_DIR}/${UNLOCALIZED_RESOURCES_FOLDER_PATH}/FirebaseAuthUI.bundle",
			);
			runOnlyForDeploymentPostprocessing = 0;
			shellPath = /bin/sh;
			shellScript = "\"${SRCROOT}/Pods/Target Support Files/Pods-Makestagram/Pods-Makestagram-resources.sh\"\n";
			showEnvVarsInLog = 0;
		};
		C916CC76B0FD829209A6FD19 /* [CP] Check Pods Manifest.lock */ = {
			isa = PBXShellScriptBuildPhase;
			buildActionMask = 2147483647;
			files = (
			);
			inputPaths = (
				"${PODS_PODFILE_DIR_PATH}/Podfile.lock",
				"${PODS_ROOT}/Manifest.lock",
			);
			name = "[CP] Check Pods Manifest.lock";
			outputPaths = (
				"$(DERIVED_FILE_DIR)/Pods-Makestagram-checkManifestLockResult.txt",
			);
			runOnlyForDeploymentPostprocessing = 0;
			shellPath = /bin/sh;
			shellScript = "diff \"${PODS_PODFILE_DIR_PATH}/Podfile.lock\" \"${PODS_ROOT}/Manifest.lock\" > /dev/null\nif [ $? != 0 ] ; then\n    # print error to STDERR\n    echo \"error: The sandbox is not in sync with the Podfile.lock. Run 'pod install' or update your CocoaPods installation.\" >&2\n    exit 1\nfi\n# This output is used by Xcode 'outputs' to avoid re-running this script phase.\necho \"SUCCESS\" > \"${SCRIPT_OUTPUT_FILE_0}\"\n";
			showEnvVarsInLog = 0;
		};
/* End PBXShellScriptBuildPhase section */

/* Begin PBXSourcesBuildPhase section */
		849E53CA20F33BF000A49125 /* Sources */ = {
			isa = PBXSourcesBuildPhase;
			buildActionMask = 2147483647;
			files = (
				84B3EBAC20F3CB31002B71E5 /* User.swift in Sources */,
				84B3EBAA20F3C1D2002B71E5 /* LoginViewController.swift in Sources */,
				84B3EBBE20F4015F002B71E5 /* UserService.swift in Sources */,
				849E53D420F33BF000A49125 /* ViewController.swift in Sources */,
				84B3EBB820F3F805002B71E5 /* CreateUsernameViewController.swift in Sources */,
				849E53D220F33BF000A49125 /* AppDelegate.swift in Sources */,
			);
			runOnlyForDeploymentPostprocessing = 0;
		};
/* End PBXSourcesBuildPhase section */

/* Begin PBXVariantGroup section */
		849E53D520F33BF000A49125 /* Main.storyboard */ = {
			isa = PBXVariantGroup;
			children = (
				849E53D620F33BF000A49125 /* Base */,
			);
			name = Main.storyboard;
			sourceTree = "<group>";
		};
		849E53DA20F33BF100A49125 /* LaunchScreen.storyboard */ = {
			isa = PBXVariantGroup;
			children = (
				849E53DB20F33BF100A49125 /* Base */,
			);
			name = LaunchScreen.storyboard;
			sourceTree = "<group>";
		};
/* End PBXVariantGroup section */

/* Begin XCBuildConfiguration section */
		849E53DE20F33BF100A49125 /* Debug */ = {
			isa = XCBuildConfiguration;
			buildSettings = {
				ALWAYS_SEARCH_USER_PATHS = NO;
				CLANG_ANALYZER_NONNULL = YES;
				CLANG_ANALYZER_NUMBER_OBJECT_CONVERSION = YES_AGGRESSIVE;
				CLANG_CXX_LANGUAGE_STANDARD = "gnu++14";
				CLANG_CXX_LIBRARY = "libc++";
				CLANG_ENABLE_MODULES = YES;
				CLANG_ENABLE_OBJC_ARC = YES;
				CLANG_ENABLE_OBJC_WEAK = YES;
				CLANG_WARN_BLOCK_CAPTURE_AUTORELEASING = YES;
				CLANG_WARN_BOOL_CONVERSION = YES;
				CLANG_WARN_COMMA = YES;
				CLANG_WARN_CONSTANT_CONVERSION = YES;
				CLANG_WARN_DEPRECATED_OBJC_IMPLEMENTATIONS = YES;
				CLANG_WARN_DIRECT_OBJC_ISA_USAGE = YES_ERROR;
				CLANG_WARN_DOCUMENTATION_COMMENTS = YES;
				CLANG_WARN_EMPTY_BODY = YES;
				CLANG_WARN_ENUM_CONVERSION = YES;
				CLANG_WARN_INFINITE_RECURSION = YES;
				CLANG_WARN_INT_CONVERSION = YES;
				CLANG_WARN_NON_LITERAL_NULL_CONVERSION = YES;
				CLANG_WARN_OBJC_IMPLICIT_RETAIN_SELF = YES;
				CLANG_WARN_OBJC_LITERAL_CONVERSION = YES;
				CLANG_WARN_OBJC_ROOT_CLASS = YES_ERROR;
				CLANG_WARN_RANGE_LOOP_ANALYSIS = YES;
				CLANG_WARN_STRICT_PROTOTYPES = YES;
				CLANG_WARN_SUSPICIOUS_MOVE = YES;
				CLANG_WARN_UNGUARDED_AVAILABILITY = YES_AGGRESSIVE;
				CLANG_WARN_UNREACHABLE_CODE = YES;
				CLANG_WARN__DUPLICATE_METHOD_MATCH = YES;
				CODE_SIGN_IDENTITY = "iPhone Developer";
				COPY_PHASE_STRIP = NO;
				DEBUG_INFORMATION_FORMAT = dwarf;
				ENABLE_STRICT_OBJC_MSGSEND = YES;
				ENABLE_TESTABILITY = YES;
				GCC_C_LANGUAGE_STANDARD = gnu11;
				GCC_DYNAMIC_NO_PIC = NO;
				GCC_NO_COMMON_BLOCKS = YES;
				GCC_OPTIMIZATION_LEVEL = 0;
				GCC_PREPROCESSOR_DEFINITIONS = (
					"DEBUG=1",
					"$(inherited)",
				);
				GCC_WARN_64_TO_32_BIT_CONVERSION = YES;
				GCC_WARN_ABOUT_RETURN_TYPE = YES_ERROR;
				GCC_WARN_UNDECLARED_SELECTOR = YES;
				GCC_WARN_UNINITIALIZED_AUTOS = YES_AGGRESSIVE;
				GCC_WARN_UNUSED_FUNCTION = YES;
				GCC_WARN_UNUSED_VARIABLE = YES;
				IPHONEOS_DEPLOYMENT_TARGET = 11.4;
				MTL_ENABLE_DEBUG_INFO = YES;
				ONLY_ACTIVE_ARCH = YES;
				SDKROOT = iphoneos;
				SWIFT_ACTIVE_COMPILATION_CONDITIONS = DEBUG;
				SWIFT_OPTIMIZATION_LEVEL = "-Onone";
			};
			name = Debug;
		};
		849E53DF20F33BF100A49125 /* Release */ = {
			isa = XCBuildConfiguration;
			buildSettings = {
				ALWAYS_SEARCH_USER_PATHS = NO;
				CLANG_ANALYZER_NONNULL = YES;
				CLANG_ANALYZER_NUMBER_OBJECT_CONVERSION = YES_AGGRESSIVE;
				CLANG_CXX_LANGUAGE_STANDARD = "gnu++14";
				CLANG_CXX_LIBRARY = "libc++";
				CLANG_ENABLE_MODULES = YES;
				CLANG_ENABLE_OBJC_ARC = YES;
				CLANG_ENABLE_OBJC_WEAK = YES;
				CLANG_WARN_BLOCK_CAPTURE_AUTORELEASING = YES;
				CLANG_WARN_BOOL_CONVERSION = YES;
				CLANG_WARN_COMMA = YES;
				CLANG_WARN_CONSTANT_CONVERSION = YES;
				CLANG_WARN_DEPRECATED_OBJC_IMPLEMENTATIONS = YES;
				CLANG_WARN_DIRECT_OBJC_ISA_USAGE = YES_ERROR;
				CLANG_WARN_DOCUMENTATION_COMMENTS = YES;
				CLANG_WARN_EMPTY_BODY = YES;
				CLANG_WARN_ENUM_CONVERSION = YES;
				CLANG_WARN_INFINITE_RECURSION = YES;
				CLANG_WARN_INT_CONVERSION = YES;
				CLANG_WARN_NON_LITERAL_NULL_CONVERSION = YES;
				CLANG_WARN_OBJC_IMPLICIT_RETAIN_SELF = YES;
				CLANG_WARN_OBJC_LITERAL_CONVERSION = YES;
				CLANG_WARN_OBJC_ROOT_CLASS = YES_ERROR;
				CLANG_WARN_RANGE_LOOP_ANALYSIS = YES;
				CLANG_WARN_STRICT_PROTOTYPES = YES;
				CLANG_WARN_SUSPICIOUS_MOVE = YES;
				CLANG_WARN_UNGUARDED_AVAILABILITY = YES_AGGRESSIVE;
				CLANG_WARN_UNREACHABLE_CODE = YES;
				CLANG_WARN__DUPLICATE_METHOD_MATCH = YES;
				CODE_SIGN_IDENTITY = "iPhone Developer";
				COPY_PHASE_STRIP = NO;
				DEBUG_INFORMATION_FORMAT = "dwarf-with-dsym";
				ENABLE_NS_ASSERTIONS = NO;
				ENABLE_STRICT_OBJC_MSGSEND = YES;
				GCC_C_LANGUAGE_STANDARD = gnu11;
				GCC_NO_COMMON_BLOCKS = YES;
				GCC_WARN_64_TO_32_BIT_CONVERSION = YES;
				GCC_WARN_ABOUT_RETURN_TYPE = YES_ERROR;
				GCC_WARN_UNDECLARED_SELECTOR = YES;
				GCC_WARN_UNINITIALIZED_AUTOS = YES_AGGRESSIVE;
				GCC_WARN_UNUSED_FUNCTION = YES;
				GCC_WARN_UNUSED_VARIABLE = YES;
				IPHONEOS_DEPLOYMENT_TARGET = 11.4;
				MTL_ENABLE_DEBUG_INFO = NO;
				SDKROOT = iphoneos;
				SWIFT_COMPILATION_MODE = wholemodule;
				SWIFT_OPTIMIZATION_LEVEL = "-O";
				VALIDATE_PRODUCT = YES;
			};
			name = Release;
		};
		849E53E120F33BF100A49125 /* Debug */ = {
			isa = XCBuildConfiguration;
			baseConfigurationReference = BF12148721027384AEDE6506 /* Pods-Makestagram.debug.xcconfig */;
			buildSettings = {
				ASSETCATALOG_COMPILER_APPICON_NAME = AppIcon;
				CODE_SIGN_STYLE = Automatic;
				DEVELOPMENT_TEAM = RB42Y8C7YL;
				INFOPLIST_FILE = "$(SRCROOT)/Makestagram/Supporting/Info.plist";
				LD_RUNPATH_SEARCH_PATHS = (
					"$(inherited)",
					"@executable_path/Frameworks",
				);
				PRODUCT_BUNDLE_IDENTIFIER = com.benbotvinick.Makestagram;
				PRODUCT_NAME = "$(TARGET_NAME)";
				SWIFT_VERSION = 4.0;
				TARGETED_DEVICE_FAMILY = "1,2";
			};
			name = Debug;
		};
		849E53E220F33BF100A49125 /* Release */ = {
			isa = XCBuildConfiguration;
			baseConfigurationReference = 35776F466E1546F1B5A838C9 /* Pods-Makestagram.release.xcconfig */;
			buildSettings = {
				ASSETCATALOG_COMPILER_APPICON_NAME = AppIcon;
				CODE_SIGN_STYLE = Automatic;
				DEVELOPMENT_TEAM = RB42Y8C7YL;
				INFOPLIST_FILE = "$(SRCROOT)/Makestagram/Supporting/Info.plist";
				LD_RUNPATH_SEARCH_PATHS = (
					"$(inherited)",
					"@executable_path/Frameworks",
				);
				PRODUCT_BUNDLE_IDENTIFIER = com.benbotvinick.Makestagram;
				PRODUCT_NAME = "$(TARGET_NAME)";
				SWIFT_VERSION = 4.0;
				TARGETED_DEVICE_FAMILY = "1,2";
			};
			name = Release;
		};
/* End XCBuildConfiguration section */

/* Begin XCConfigurationList section */
		849E53C920F33BF000A49125 /* Build configuration list for PBXProject "Makestagram" */ = {
			isa = XCConfigurationList;
			buildConfigurations = (
				849E53DE20F33BF100A49125 /* Debug */,
				849E53DF20F33BF100A49125 /* Release */,
			);
			defaultConfigurationIsVisible = 0;
			defaultConfigurationName = Release;
		};
		849E53E020F33BF100A49125 /* Build configuration list for PBXNativeTarget "Makestagram" */ = {
			isa = XCConfigurationList;
			buildConfigurations = (
				849E53E120F33BF100A49125 /* Debug */,
				849E53E220F33BF100A49125 /* Release */,
			);
			defaultConfigurationIsVisible = 0;
			defaultConfigurationName = Release;
		};
/* End XCConfigurationList section */
	};
	rootObject = 849E53C620F33BF000A49125 /* Project object */;
}
